
Microsoft Visual Studio Solution File, Format Version 12.00
# Visual Studio Version 16
VisualStudioVersion = 16.0.29911.84
MinimumVisualStudioVersion = 10.0.40219.1
Project("{FAE04EC0-301F-11D3-BF4B-00C04F79EFBC}") = "FlightMobileApp", "FlightMobileApp\FlightMobileApp.csproj", "{68E0A058-49EE-47F0-AEC9-3B99BD86698A}"
EndProject
Global
	GlobalSection(SolutionConfigurationPlatforms) = preSolution
		Debug|Any CPU = Debug|Any CPU
		Release|Any CPU = Release|Any CPU
	EndGlobalSection
	GlobalSection(ProjectConfigurationPlatforms) = postSolution
		{68E0A058-49EE-47F0-AEC9-3B99BD86698A}.Debug|Any CPU.ActiveCfg = Debug|Any CPU
		{68E0A058-49EE-47F0-AEC9-3B99BD86698A}.Debug|Any CPU.Build.0 = Debug|Any CPU
		{68E0A058-49EE-47F0-AEC9-3B99BD86698A}.Release|Any CPU.ActiveCfg = Release|Any CPU
		{68E0A058-49EE-47F0-AEC9-3B99BD86698A}.Release|Any CPU.Build.0 = Release|Any CPU
	EndGlobalSection
	GlobalSection(SolutionProperties) = preSolution
		HideSolutionNode = FALSE
	EndGlobalSection
	GlobalSection(ExtensibilityGlobals) = postSolution
		SolutionGuid = {29DE0BB4-E3CD-48B2-A8DA-3CD36C632D56}
	EndGlobalSection
EndGlobal
